
Microsoft Visual Studio Solution File, Format Version 12.00
# Visual Studio Version 17
VisualStudioVersion = 17.7.34031.279
MinimumVisualStudioVersion = 10.0.40219.1
Project("{9A19103F-16F7-4668-BE54-9A1E7A4F7556}") = "LocalBusinessDirectory", "src\LocalBusinessDirectory\LocalBusinessDirectory.csproj", "{5EA2141C-80D6-47DD-A271-8D72646AB7E5}"
EndProject
Project("{2150E333-8FDC-42A3-9474-1A3956D46DE8}") = "Solution Items", "Solution Items", "{ED36E7C7-B608-4865-81EB-7D003D00756B}"
	ProjectSection(SolutionItems) = preProject
		.gitignore = .gitignore
		README.md = README.md
	EndProjectSection
EndProject
Project("{9A19103F-16F7-4668-BE54-9A1E7A4F7556}") = "LocalBusinessDirectory.Data", "src\LocalBusinessDirectory.Data\LocalBusinessDirectory.Data.csproj", "{06C3E6CA-C65F-4948-B96C-8FCDBFC33546}"
EndProject
Project("{00D1A9C2-B5F0-4AF3-8072-F6C62B433612}") = "LocalBusinessDirectoryDb", "LocalBusinessDirectoryDb\LocalBusinessDirectoryDb.sqlproj", "{51086A22-4C1D-490E-83D2-47B808FC780F}"
EndProject
Global
	GlobalSection(SolutionConfigurationPlatforms) = preSolution
		Debug|Any CPU = Debug|Any CPU
		Release|Any CPU = Release|Any CPU
	EndGlobalSection
	GlobalSection(ProjectConfigurationPlatforms) = postSolution
		{5EA2141C-80D6-47DD-A271-8D72646AB7E5}.Debug|Any CPU.ActiveCfg = Debug|Any CPU
		{5EA2141C-80D6-47DD-A271-8D72646AB7E5}.Debug|Any CPU.Build.0 = Debug|Any CPU
		{5EA2141C-80D6-47DD-A271-8D72646AB7E5}.Release|Any CPU.ActiveCfg = Release|Any CPU
		{5EA2141C-80D6-47DD-A271-8D72646AB7E5}.Release|Any CPU.Build.0 = Release|Any CPU
		{06C3E6CA-C65F-4948-B96C-8FCDBFC33546}.Debug|Any CPU.ActiveCfg = Debug|Any CPU
		{06C3E6CA-C65F-4948-B96C-8FCDBFC33546}.Debug|Any CPU.Build.0 = Debug|Any CPU
		{06C3E6CA-C65F-4948-B96C-8FCDBFC33546}.Release|Any CPU.ActiveCfg = Release|Any CPU
		{06C3E6CA-C65F-4948-B96C-8FCDBFC33546}.Release|Any CPU.Build.0 = Release|Any CPU
		{51086A22-4C1D-490E-83D2-47B808FC780F}.Debug|Any CPU.ActiveCfg = Debug|Any CPU
		{51086A22-4C1D-490E-83D2-47B808FC780F}.Debug|Any CPU.Build.0 = Debug|Any CPU
		{51086A22-4C1D-490E-83D2-47B808FC780F}.Debug|Any CPU.Deploy.0 = Debug|Any CPU
		{51086A22-4C1D-490E-83D2-47B808FC780F}.Release|Any CPU.ActiveCfg = Release|Any CPU
		{51086A22-4C1D-490E-83D2-47B808FC780F}.Release|Any CPU.Build.0 = Release|Any CPU
		{51086A22-4C1D-490E-83D2-47B808FC780F}.Release|Any CPU.Deploy.0 = Release|Any CPU
	EndGlobalSection
	GlobalSection(SolutionProperties) = preSolution
		HideSolutionNode = FALSE
	EndGlobalSection
	GlobalSection(ExtensibilityGlobals) = postSolution
		SolutionGuid = {D5CA98DE-3BE1-4E52-84B2-2205A2F11490}
	EndGlobalSection
EndGlobal
